
Microsoft Visual Studio Solution File, Format Version 12.00
# Visual Studio 14
VisualStudioVersion = 14.0.25420.1
MinimumVisualStudioVersion = 10.0.40219.1
Project("{FAE04EC0-301F-11D3-BF4B-00C04F79EFBC}") = "Naxam.CameraView.Droid", "Naxam.CameraView.Droid\Naxam.CameraView.Droid.csproj", "{5E3B657E-CCD2-4517-85B9-0245D621150E}"
EndProject
Project("{2150E333-8FDC-42A3-9474-1A3956D46DE8}") = "demo", "demo", "{83A672C0-0DDA-4EE0-8F78-7FA6C9512F5F}"
EndProject
Project("{FAE04EC0-301F-11D3-BF4B-00C04F79EFBC}") = "GoogleCameraView", "demo\GoogleCameraView\GoogleCameraView.csproj", "{A0D6A6C0-FA0C-4D4E-882E-AB228A02BFF1}"
EndProject
Global
	GlobalSection(SolutionConfigurationPlatforms) = preSolution
		Debug|Any CPU = Debug|Any CPU
		Release|Any CPU = Release|Any CPU
	EndGlobalSection
	GlobalSection(ProjectConfigurationPlatforms) = postSolution
		{5E3B657E-CCD2-4517-85B9-0245D621150E}.Debug|Any CPU.ActiveCfg = Debug|Any CPU
		{5E3B657E-CCD2-4517-85B9-0245D621150E}.Debug|Any CPU.Build.0 = Debug|Any CPU
		{5E3B657E-CCD2-4517-85B9-0245D621150E}.Release|Any CPU.ActiveCfg = Release|Any CPU
		{5E3B657E-CCD2-4517-85B9-0245D621150E}.Release|Any CPU.Build.0 = Release|Any CPU
		{A0D6A6C0-FA0C-4D4E-882E-AB228A02BFF1}.Debug|Any CPU.ActiveCfg = Debug|Any CPU
		{A0D6A6C0-FA0C-4D4E-882E-AB228A02BFF1}.Debug|Any CPU.Build.0 = Debug|Any CPU
		{A0D6A6C0-FA0C-4D4E-882E-AB228A02BFF1}.Debug|Any CPU.Deploy.0 = Debug|Any CPU
		{A0D6A6C0-FA0C-4D4E-882E-AB228A02BFF1}.Release|Any CPU.ActiveCfg = Release|Any CPU
		{A0D6A6C0-FA0C-4D4E-882E-AB228A02BFF1}.Release|Any CPU.Build.0 = Release|Any CPU
		{A0D6A6C0-FA0C-4D4E-882E-AB228A02BFF1}.Release|Any CPU.Deploy.0 = Release|Any CPU
	EndGlobalSection
	GlobalSection(SolutionProperties) = preSolution
		HideSolutionNode = FALSE
	EndGlobalSection
	GlobalSection(NestedProjects) = preSolution
		{A0D6A6C0-FA0C-4D4E-882E-AB228A02BFF1} = {83A672C0-0DDA-4EE0-8F78-7FA6C9512F5F}
	EndGlobalSection
EndGlobal
